// !$*UTF8*$!
{
	archiveVersion = 1;
	classes = {
	};
	objectVersion = 50;
	objects = {

/* Begin PBXBuildFile section */
		0ACA32D924D69BC3007D8478 /* AppDelegate.swift in Sources */ = {isa = PBXBuildFile; fileRef = 0ACA32D824D69BC3007D8478 /* AppDelegate.swift */; };
		0ACA32DB24D69BC3007D8478 /* SceneDelegate.swift in Sources */ = {isa = PBXBuildFile; fileRef = 0ACA32DA24D69BC3007D8478 /* SceneDelegate.swift */; };
		0ACA32DD24D69BC3007D8478 /* ContentView.swift in Sources */ = {isa = PBXBuildFile; fileRef = 0ACA32DC24D69BC3007D8478 /* ContentView.swift */; };
		0ACA32DF24D69BCB007D8478 /* Assets.xcassets in Resources */ = {isa = PBXBuildFile; fileRef = 0ACA32DE24D69BCB007D8478 /* Assets.xcassets */; };
		0ACA32E224D69BCB007D8478 /* Preview Assets.xcassets in Resources */ = {isa = PBXBuildFile; fileRef = 0ACA32E124D69BCB007D8478 /* Preview Assets.xcassets */; };
		0ACA32E524D69BCB007D8478 /* LaunchScreen.storyboard in Resources */ = {isa = PBXBuildFile; fileRef = 0ACA32E324D69BCB007D8478 /* LaunchScreen.storyboard */; };
		0ACA32F024D69BCC007D8478 /* Cupcake_CornerTests.swift in Sources */ = {isa = PBXBuildFile; fileRef = 0ACA32EF24D69BCC007D8478 /* Cupcake_CornerTests.swift */; };
		0ACA32FB24D69BCC007D8478 /* Cupcake_CornerUITests.swift in Sources */ = {isa = PBXBuildFile; fileRef = 0ACA32FA24D69BCC007D8478 /* Cupcake_CornerUITests.swift */; };
		0ACA330924D69FF6007D8478 /* AddressView.swift in Sources */ = {isa = PBXBuildFile; fileRef = 0ACA330824D69FF6007D8478 /* AddressView.swift */; };
		0ACA330B24D6A21E007D8478 /* Order.swift in Sources */ = {isa = PBXBuildFile; fileRef = 0ACA330A24D6A21E007D8478 /* Order.swift */; };
		0ACA330D24D6A41D007D8478 /* Checkout.swift in Sources */ = {isa = PBXBuildFile; fileRef = 0ACA330C24D6A41D007D8478 /* Checkout.swift */; };
/* End PBXBuildFile section */

/* Begin PBXContainerItemProxy section */
		0ACA32EC24D69BCC007D8478 /* PBXContainerItemProxy */ = {
			isa = PBXContainerItemProxy;
			containerPortal = 0ACA32CD24D69BC3007D8478 /* Project object */;
			proxyType = 1;
			remoteGlobalIDString = 0ACA32D424D69BC3007D8478;
			remoteInfo = "Cupcake Corner";
		};
		0ACA32F724D69BCC007D8478 /* PBXContainerItemProxy */ = {
			isa = PBXContainerItemProxy;
			containerPortal = 0ACA32CD24D69BC3007D8478 /* Project object */;
			proxyType = 1;
			remoteGlobalIDString = 0ACA32D424D69BC3007D8478;
			remoteInfo = "Cupcake Corner";
		};
/* End PBXContainerItemProxy section */

/* Begin PBXFileReference section */
		0ACA32D524D69BC3007D8478 /* Cupcake Corner.app */ = {isa = PBXFileReference; explicitFileType = wrapper.application; includeInIndex = 0; path = "Cupcake Corner.app"; sourceTree = BUILT_PRODUCTS_DIR; };
		0ACA32D824D69BC3007D8478 /* AppDelegate.swift */ = {isa = PBXFileReference; lastKnownFileType = sourcecode.swift; path = AppDelegate.swift; sourceTree = "<group>"; };
		0ACA32DA24D69BC3007D8478 /* SceneDelegate.swift */ = {isa = PBXFileReference; lastKnownFileType = sourcecode.swift; path = SceneDelegate.swift; sourceTree = "<group>"; };
		0ACA32DC24D69BC3007D8478 /* ContentView.swift */ = {isa = PBXFileReference; lastKnownFileType = sourcecode.swift; path = ContentView.swift; sourceTree = "<group>"; };
		0ACA32DE24D69BCB007D8478 /* Assets.xcassets */ = {isa = PBXFileReference; lastKnownFileType = folder.assetcatalog; path = Assets.xcassets; sourceTree = "<group>"; };
		0ACA32E124D69BCB007D8478 /* Preview Assets.xcassets */ = {isa = PBXFileReference; lastKnownFileType = folder.assetcatalog; path = "Preview Assets.xcassets"; sourceTree = "<group>"; };
		0ACA32E424D69BCB007D8478 /* Base */ = {isa = PBXFileReference; lastKnownFileType = file.storyboard; name = Base; path = Base.lproj/LaunchScreen.storyboard; sourceTree = "<group>"; };
		0ACA32E624D69BCB007D8478 /* Info.plist */ = {isa = PBXFileReference; lastKnownFileType = text.plist.xml; path = Info.plist; sourceTree = "<group>"; };
		0ACA32EB24D69BCC007D8478 /* Cupcake CornerTests.xctest */ = {isa = PBXFileReference; explicitFileType = wrapper.cfbundle; includeInIndex = 0; path = "Cupcake CornerTests.xctest"; sourceTree = BUILT_PRODUCTS_DIR; };
		0ACA32EF24D69BCC007D8478 /* Cupcake_CornerTests.swift */ = {isa = PBXFileReference; lastKnownFileType = sourcecode.swift; path = Cupcake_CornerTests.swift; sourceTree = "<group>"; };
		0ACA32F124D69BCC007D8478 /* Info.plist */ = {isa = PBXFileReference; lastKnownFileType = text.plist.xml; path = Info.plist; sourceTree = "<group>"; };
		0ACA32F624D69BCC007D8478 /* Cupcake CornerUITests.xctest */ = {isa = PBXFileReference; explicitFileType = wrapper.cfbundle; includeInIndex = 0; path = "Cupcake CornerUITests.xctest"; sourceTree = BUILT_PRODUCTS_DIR; };
		0ACA32FA24D69BCC007D8478 /* Cupcake_CornerUITests.swift */ = {isa = PBXFileReference; lastKnownFileType = sourcecode.swift; path = Cupcake_CornerUITests.swift; sourceTree = "<group>"; };
		0ACA32FC24D69BCC007D8478 /* Info.plist */ = {isa = PBXFileReference; lastKnownFileType = text.plist.xml; path = Info.plist; sourceTree = "<group>"; };
		0ACA330824D69FF6007D8478 /* AddressView.swift */ = {isa = PBXFileReference; lastKnownFileType = sourcecode.swift; path = AddressView.swift; sourceTree = "<group>"; };
		0ACA330A24D6A21E007D8478 /* Order.swift */ = {isa = PBXFileReference; lastKnownFileType = sourcecode.swift; path = Order.swift; sourceTree = "<group>"; };
		0ACA330C24D6A41D007D8478 /* Checkout.swift */ = {isa = PBXFileReference; lastKnownFileType = sourcecode.swift; path = Checkout.swift; sourceTree = "<group>"; };
/* End PBXFileReference section */

/* Begin PBXFrameworksBuildPhase section */
		0ACA32D224D69BC3007D8478 /* Frameworks */ = {
			isa = PBXFrameworksBuildPhase;
			buildActionMask = 2147483647;
			files = (
			);
			runOnlyForDeploymentPostprocessing = 0;
		};
		0ACA32E824D69BCC007D8478 /* Frameworks */ = {
			isa = PBXFrameworksBuildPhase;
			buildActionMask = 2147483647;
			files = (
			);
			runOnlyForDeploymentPostprocessing = 0;
		};
		0ACA32F324D69BCC007D8478 /* Frameworks */ = {
			isa = PBXFrameworksBuildPhase;
			buildActionMask = 2147483647;
			files = (
			);
			runOnlyForDeploymentPostprocessing = 0;
		};
/* End PBXFrameworksBuildPhase section */

/* Begin PBXGroup section */
		0ACA32CC24D69BC3007D8478 = {
			isa = PBXGroup;
			children = (
				0ACA32D724D69BC3007D8478 /* Cupcake Corner */,
				0ACA32EE24D69BCC007D8478 /* Cupcake CornerTests */,
				0ACA32F924D69BCC007D8478 /* Cupcake CornerUITests */,
				0ACA32D624D69BC3007D8478 /* Products */,
			);
			sourceTree = "<group>";
		};
		0ACA32D624D69BC3007D8478 /* Products */ = {
			isa = PBXGroup;
			children = (
				0ACA32D524D69BC3007D8478 /* Cupcake Corner.app */,
				0ACA32EB24D69BCC007D8478 /* Cupcake CornerTests.xctest */,
				0ACA32F624D69BCC007D8478 /* Cupcake CornerUITests.xctest */,
			);
			name = Products;
			sourceTree = "<group>";
		};
		0ACA32D724D69BC3007D8478 /* Cupcake Corner */ = {
			isa = PBXGroup;
			children = (
				0ACA32D824D69BC3007D8478 /* AppDelegate.swift */,
				0ACA32DA24D69BC3007D8478 /* SceneDelegate.swift */,
				0ACA330824D69FF6007D8478 /* AddressView.swift */,
				0ACA330C24D6A41D007D8478 /* Checkout.swift */,
				0ACA32DC24D69BC3007D8478 /* ContentView.swift */,
				0ACA330A24D6A21E007D8478 /* Order.swift */,
				0ACA32DE24D69BCB007D8478 /* Assets.xcassets */,
				0ACA32E324D69BCB007D8478 /* LaunchScreen.storyboard */,
				0ACA32E624D69BCB007D8478 /* Info.plist */,
				0ACA32E024D69BCB007D8478 /* Preview Content */,
			);
			path = "Cupcake Corner";
			sourceTree = "<group>";
		};
		0ACA32E024D69BCB007D8478 /* Preview Content */ = {
			isa = PBXGroup;
			children = (
				0ACA32E124D69BCB007D8478 /* Preview Assets.xcassets */,
			);
			path = "Preview Content";
			sourceTree = "<group>";
		};
		0ACA32EE24D69BCC007D8478 /* Cupcake CornerTests */ = {
			isa = PBXGroup;
			children = (
				0ACA32EF24D69BCC007D8478 /* Cupcake_CornerTests.swift */,
				0ACA32F124D69BCC007D8478 /* Info.plist */,
			);
			path = "Cupcake CornerTests";
			sourceTree = "<group>";
		};
		0ACA32F924D69BCC007D8478 /* Cupcake CornerUITests */ = {
			isa = PBXGroup;
			children = (
				0ACA32FA24D69BCC007D8478 /* Cupcake_CornerUITests.swift */,
				0ACA32FC24D69BCC007D8478 /* Info.plist */,
			);
			path = "Cupcake CornerUITests";
			sourceTree = "<group>";
		};
/* End PBXGroup section */

/* Begin PBXNativeTarget section */
		0ACA32D424D69BC3007D8478 /* Cupcake Corner */ = {
			isa = PBXNativeTarget;
			buildConfigurationList = 0ACA32FF24D69BCC007D8478 /* Build configuration list for PBXNativeTarget "Cupcake Corner" */;
			buildPhases = (
				0ACA32D124D69BC3007D8478 /* Sources */,
				0ACA32D224D69BC3007D8478 /* Frameworks */,
				0ACA32D324D69BC3007D8478 /* Resources */,
			);
			buildRules = (
			);
			dependencies = (
			);
			name = "Cupcake Corner";
			productName = "Cupcake Corner";
			productReference = 0ACA32D524D69BC3007D8478 /* Cupcake Corner.app */;
			productType = "com.apple.product-type.application";
		};
		0ACA32EA24D69BCC007D8478 /* Cupcake CornerTests */ = {
			isa = PBXNativeTarget;
			buildConfigurationList = 0ACA330224D69BCC007D8478 /* Build configuration list for PBXNativeTarget "Cupcake CornerTests" */;
			buildPhases = (
				0ACA32E724D69BCC007D8478 /* Sources */,
				0ACA32E824D69BCC007D8478 /* Frameworks */,
				0ACA32E924D69BCC007D8478 /* Resources */,
			);
			buildRules = (
			);
			dependencies = (
				0ACA32ED24D69BCC007D8478 /* PBXTargetDependency */,
			);
			name = "Cupcake CornerTests";
			productName = "Cupcake CornerTests";
			productReference = 0ACA32EB24D69BCC007D8478 /* Cupcake CornerTests.xctest */;
			productType = "com.apple.product-type.bundle.unit-test";
		};
		0ACA32F524D69BCC007D8478 /* Cupcake CornerUITests */ = {
			isa = PBXNativeTarget;
			buildConfigurationList = 0ACA330524D69BCC007D8478 /* Build configuration list for PBXNativeTarget "Cupcake CornerUITests" */;
			buildPhases = (
				0ACA32F224D69BCC007D8478 /* Sources */,
				0ACA32F324D69BCC007D8478 /* Frameworks */,
				0ACA32F424D69BCC007D8478 /* Resources */,
			);
			buildRules = (
			);
			dependencies = (
				0ACA32F824D69BCC007D8478 /* PBXTargetDependency */,
			);
			name = "Cupcake CornerUITests";
			productName = "Cupcake CornerUITests";
			productReference = 0ACA32F624D69BCC007D8478 /* Cupcake CornerUITests.xctest */;
			productType = "com.apple.product-type.bundle.ui-testing";
		};
/* End PBXNativeTarget section */

/* Begin PBXProject section */
		0ACA32CD24D69BC3007D8478 /* Project object */ = {
			isa = PBXProject;
			attributes = {
				LastSwiftUpdateCheck = 1130;
				LastUpgradeCheck = 1130;
				ORGANIZATIONNAME = "Mark Chen";
				TargetAttributes = {
					0ACA32D424D69BC3007D8478 = {
						CreatedOnToolsVersion = 11.3.1;
					};
					0ACA32EA24D69BCC007D8478 = {
						CreatedOnToolsVersion = 11.3.1;
						TestTargetID = 0ACA32D424D69BC3007D8478;
					};
					0ACA32F524D69BCC007D8478 = {
						CreatedOnToolsVersion = 11.3.1;
						TestTargetID = 0ACA32D424D69BC3007D8478;
					};
				};
			};
			buildConfigurationList = 0ACA32D024D69BC3007D8478 /* Build configuration list for PBXProject "Cupcake Corner" */;
			compatibilityVersion = "Xcode 9.3";
			developmentRegion = en;
			hasScannedForEncodings = 0;
			knownRegions = (
				en,
				Base,
			);
			mainGroup = 0ACA32CC24D69BC3007D8478;
			productRefGroup = 0ACA32D624D69BC3007D8478 /* Products */;
			projectDirPath = "";
			projectRoot = "";
			targets = (
				0ACA32D424D69BC3007D8478 /* Cupcake Corner */,
				0ACA32EA24D69BCC007D8478 /* Cupcake CornerTests */,
				0ACA32F524D69BCC007D8478 /* Cupcake CornerUITests */,
			);
		};
/* End PBXProject section */

/* Begin PBXResourcesBuildPhase section */
		0ACA32D324D69BC3007D8478 /* Resources */ = {
			isa = PBXResourcesBuildPhase;
			buildActionMask = 2147483647;
			files = (
				0ACA32E524D69BCB007D8478 /* LaunchScreen.storyboard in Resources */,
				0ACA32E224D69BCB007D8478 /* Preview Assets.xcassets in Resources */,
				0ACA32DF24D69BCB007D8478 /* Assets.xcassets in Resources */,
			);
			runOnlyForDeploymentPostprocessing = 0;
		};
		0ACA32E924D69BCC007D8478 /* Resources */ = {
			isa = PBXResourcesBuildPhase;
			buildActionMask = 2147483647;
			files = (
			);
			runOnlyForDeploymentPostprocessing = 0;
		};
		0ACA32F424D69BCC007D8478 /* Resources */ = {
			isa = PBXResourcesBuildPhase;
			buildActionMask = 2147483647;
			files = (
			);
			runOnlyForDeploymentPostprocessing = 0;
		};
/* End PBXResourcesBuildPhase section */

/* Begin PBXSourcesBuildPhase section */
		0ACA32D124D69BC3007D8478 /* Sources */ = {
			isa = PBXSourcesBuildPhase;
			buildActionMask = 2147483647;
			files = (
				0ACA32D924D69BC3007D8478 /* AppDelegate.swift in Sources */,
				0ACA330924D69FF6007D8478 /* AddressView.swift in Sources */,
				0ACA330B24D6A21E007D8478 /* Order.swift in Sources */,
				0ACA330D24D6A41D007D8478 /* Checkout.swift in Sources */,
				0ACA32DB24D69BC3007D8478 /* SceneDelegate.swift in Sources */,
				0ACA32DD24D69BC3007D8478 /* ContentView.swift in Sources */,
			);
			runOnlyForDeploymentPostprocessing = 0;
		};
		0ACA32E724D69BCC007D8478 /* Sources */ = {
			isa = PBXSourcesBuildPhase;
			buildActionMask = 2147483647;
			files = (
				0ACA32F024D69BCC007D8478 /* Cupcake_CornerTests.swift in Sources */,
			);
			runOnlyForDeploymentPostprocessing = 0;
		};
		0ACA32F224D69BCC007D8478 /* Sources */ = {
			isa = PBXSourcesBuildPhase;
			buildActionMask = 2147483647;
			files = (
				0ACA32FB24D69BCC007D8478 /* Cupcake_CornerUITests.swift in Sources */,
			);
			runOnlyForDeploymentPostprocessing = 0;
		};
/* End PBXSourcesBuildPhase section */

/* Begin PBXTargetDependency section */
		0ACA32ED24D69BCC007D8478 /* PBXTargetDependency */ = {
			isa = PBXTargetDependency;
			target = 0ACA32D424D69BC3007D8478 /* Cupcake Corner */;
			targetProxy = 0ACA32EC24D69BCC007D8478 /* PBXContainerItemProxy */;
		};
		0ACA32F824D69BCC007D8478 /* PBXTargetDependency */ = {
			isa = PBXTargetDependency;
			target = 0ACA32D424D69BC3007D8478 /* Cupcake Corner */;
			targetProxy = 0ACA32F724D69BCC007D8478 /* PBXContainerItemProxy */;
		};
/* End PBXTargetDependency section */

/* Begin PBXVariantGroup section */
		0ACA32E324D69BCB007D8478 /* LaunchScreen.storyboard */ = {
			isa = PBXVariantGroup;
			children = (
				0ACA32E424D69BCB007D8478 /* Base */,
			);
			name = LaunchScreen.storyboard;
			sourceTree = "<group>";
		};
/* End PBXVariantGroup section */

/* Begin XCBuildConfiguration section */
		0ACA32FD24D69BCC007D8478 /* Debug */ = {
			isa = XCBuildConfiguration;
			buildSettings = {
				ALWAYS_SEARCH_USER_PATHS = NO;
				CLANG_ANALYZER_NONNULL = YES;
				CLANG_ANALYZER_NUMBER_OBJECT_CONVERSION = YES_AGGRESSIVE;
				CLANG_CXX_LANGUAGE_STANDARD = "gnu++14";
				CLANG_CXX_LIBRARY = "libc++";
				CLANG_ENABLE_MODULES = YES;
				CLANG_ENABLE_OBJC_ARC = YES;
				CLANG_ENABLE_OBJC_WEAK = YES;
				CLANG_WARN_BLOCK_CAPTURE_AUTORELEASING = YES;
				CLANG_WARN_BOOL_CONVERSION = YES;
				CLANG_WARN_COMMA = YES;
				CLANG_WARN_CONSTANT_CONVERSION = YES;
				CLANG_WARN_DEPRECATED_OBJC_IMPLEMENTATIONS = YES;
				CLANG_WARN_DIRECT_OBJC_ISA_USAGE = YES_ERROR;
				CLANG_WARN_DOCUMENTATION_COMMENTS = YES;
				CLANG_WARN_EMPTY_BODY = YES;
				CLANG_WARN_ENUM_CONVERSION = YES;
				CLANG_WARN_INFINITE_RECURSION = YES;
				CLANG_WARN_INT_CONVERSION = YES;
				CLANG_WARN_NON_LITERAL_NULL_CONVERSION = YES;
				CLANG_WARN_OBJC_IMPLICIT_RETAIN_SELF = YES;
				CLANG_WARN_OBJC_LITERAL_CONVERSION = YES;
				CLANG_WARN_OBJC_ROOT_CLASS = YES_ERROR;
				CLANG_WARN_RANGE_LOOP_ANALYSIS = YES;
				CLANG_WARN_STRICT_PROTOTYPES = YES;
				CLANG_WARN_SUSPICIOUS_MOVE = YES;
				CLANG_WARN_UNGUARDED_AVAILABILITY = YES_AGGRESSIVE;
				CLANG_WARN_UNREACHABLE_CODE = YES;
				CLANG_WARN__DUPLICATE_METHOD_MATCH = YES;
				COPY_PHASE_STRIP = NO;
				DEBUG_INFORMATION_FORMAT = dwarf;
				ENABLE_STRICT_OBJC_MSGSEND = YES;
				ENABLE_TESTABILITY = YES;
				GCC_C_LANGUAGE_STANDARD = gnu11;
				GCC_DYNAMIC_NO_PIC = NO;
				GCC_NO_COMMON_BLOCKS = YES;
				GCC_OPTIMIZATION_LEVEL = 0;
				GCC_PREPROCESSOR_DEFINITIONS = (
					"DEBUG=1",
					"$(inherited)",
				);
				GCC_WARN_64_TO_32_BIT_CONVERSION = YES;
				GCC_WARN_ABOUT_RETURN_TYPE = YES_ERROR;
				GCC_WARN_UNDECLARED_SELECTOR = YES;
				GCC_WARN_UNINITIALIZED_AUTOS = YES_AGGRESSIVE;
				GCC_WARN_UNUSED_FUNCTION = YES;
				GCC_WARN_UNUSED_VARIABLE = YES;
				IPHONEOS_DEPLOYMENT_TARGET = 13.2;
				MTL_ENABLE_DEBUG_INFO = INCLUDE_SOURCE;
				MTL_FAST_MATH = YES;
				ONLY_ACTIVE_ARCH = YES;
				SDKROOT = iphoneos;
				SWIFT_ACTIVE_COMPILATION_CONDITIONS = DEBUG;
				SWIFT_OPTIMIZATION_LEVEL = "-Onone";
			};
			name = Debug;
		};
		0ACA32FE24D69BCC007D8478 /* Release */ = {
			isa = XCBuildConfiguration;
			buildSettings = {
				ALWAYS_SEARCH_USER_PATHS = NO;
				CLANG_ANALYZER_NONNULL = YES;
				CLANG_ANALYZER_NUMBER_OBJECT_CONVERSION = YES_AGGRESSIVE;
				CLANG_CXX_LANGUAGE_STANDARD = "gnu++14";
				CLANG_CXX_LIBRARY = "libc++";
				CLANG_ENABLE_MODULES = YES;
				CLANG_ENABLE_OBJC_ARC = YES;
				CLANG_ENABLE_OBJC_WEAK = YES;
				CLANG_WARN_BLOCK_CAPTURE_AUTORELEASING = YES;
				CLANG_WARN_BOOL_CONVERSION = YES;
				CLANG_WARN_COMMA = YES;
				CLANG_WARN_CONSTANT_CONVERSION = YES;
				CLANG_WARN_DEPRECATED_OBJC_IMPLEMENTATIONS = YES;
				CLANG_WARN_DIRECT_OBJC_ISA_USAGE = YES_ERROR;
				CLANG_WARN_DOCUMENTATION_COMMENTS = YES;
				CLANG_WARN_EMPTY_BODY = YES;
				CLANG_WARN_ENUM_CONVERSION = YES;
				CLANG_WARN_INFINITE_RECURSION = YES;
				CLANG_WARN_INT_CONVERSION = YES;
				CLANG_WARN_NON_LITERAL_NULL_CONVERSION = YES;
				CLANG_WARN_OBJC_IMPLICIT_RETAIN_SELF = YES;
				CLANG_WARN_OBJC_LITERAL_CONVERSION = YES;
				CLANG_WARN_OBJC_ROOT_CLASS = YES_ERROR;
				CLANG_WARN_RANGE_LOOP_ANALYSIS = YES;
				CLANG_WARN_STRICT_PROTOTYPES = YES;
				CLANG_WARN_SUSPICIOUS_MOVE = YES;
				CLANG_WARN_UNGUARDED_AVAILABILITY = YES_AGGRESSIVE;
				CLANG_WARN_UNREACHABLE_CODE = YES;
				CLANG_WARN__DUPLICATE_METHOD_MATCH = YES;
				COPY_PHASE_STRIP = NO;
				DEBUG_INFORMATION_FORMAT = "dwarf-with-dsym";
				ENABLE_NS_ASSERTIONS = NO;
				ENABLE_STRICT_OBJC_MSGSEND = YES;
				GCC_C_LANGUAGE_STANDARD = gnu11;
				GCC_NO_COMMON_BLOCKS = YES;
				GCC_WARN_64_TO_32_BIT_CONVERSION = YES;
				GCC_WARN_ABOUT_RETURN_TYPE = YES_ERROR;
				GCC_WARN_UNDECLARED_SELECTOR = YES;
				GCC_WARN_UNINITIALIZED_AUTOS = YES_AGGRESSIVE;
				GCC_WARN_UNUSED_FUNCTION = YES;
				GCC_WARN_UNUSED_VARIABLE = YES;
				IPHONEOS_DEPLOYMENT_TARGET = 13.2;
				MTL_ENABLE_DEBUG_INFO = NO;
				MTL_FAST_MATH = YES;
				SDKROOT = iphoneos;
				SWIFT_COMPILATION_MODE = wholemodule;
				SWIFT_OPTIMIZATION_LEVEL = "-O";
				VALIDATE_PRODUCT = YES;
			};
			name = Release;
		};
		0ACA330024D69BCC007D8478 /* Debug */ = {
			isa = XCBuildConfiguration;
			buildSettings = {
				ASSETCATALOG_COMPILER_APPICON_NAME = AppIcon;
				CODE_SIGN_STYLE = Automatic;
				DEVELOPMENT_ASSET_PATHS = "\"Cupcake Corner/Preview Content\"";
				ENABLE_PREVIEWS = YES;
				INFOPLIST_FILE = "Cupcake Corner/Info.plist";
				LD_RUNPATH_SEARCH_PATHS = (
					"$(inherited)",
					"@executable_path/Frameworks",
				);
				PRODUCT_BUNDLE_IDENTIFIER = "com.MarkStudio.Cupcake-Corner";
				PRODUCT_NAME = "$(TARGET_NAME)";
				SWIFT_VERSION = 5.0;
				TARGETED_DEVICE_FAMILY = "1,2";
			};
			name = Debug;
		};
		0ACA330124D69BCC007D8478 /* Release */ = {
			isa = XCBuildConfiguration;
			buildSettings = {
				ASSETCATALOG_COMPILER_APPICON_NAME = AppIcon;
				CODE_SIGN_STYLE = Automatic;
				DEVELOPMENT_ASSET_PATHS = "\"Cupcake Corner/Preview Content\"";
				ENABLE_PREVIEWS = YES;
				INFOPLIST_FILE = "Cupcake Corner/Info.plist";
				LD_RUNPATH_SEARCH_PATHS = (
					"$(inherited)",
					"@executable_path/Frameworks",
				);
				PRODUCT_BUNDLE_IDENTIFIER = "com.MarkStudio.Cupcake-Corner";
				PRODUCT_NAME = "$(TARGET_NAME)";
				SWIFT_VERSION = 5.0;
				TARGETED_DEVICE_FAMILY = "1,2";
			};
			name = Release;
		};
		0ACA330324D69BCC007D8478 /* Debug */ = {
			isa = XCBuildConfiguration;
			buildSettings = {
				ALWAYS_EMBED_SWIFT_STANDARD_LIBRARIES = YES;
				BUNDLE_LOADER = "$(TEST_HOST)";
				CODE_SIGN_STYLE = Automatic;
				INFOPLIST_FILE = "Cupcake CornerTests/Info.plist";
				IPHONEOS_DEPLOYMENT_TARGET = 13.2;
				LD_RUNPATH_SEARCH_PATHS = (
					"$(inherited)",
					"@executable_path/Frameworks",
					"@loader_path/Frameworks",
				);
				PRODUCT_BUNDLE_IDENTIFIER = "com.MarkStudio.Cupcake-CornerTests";
				PRODUCT_NAME = "$(TARGET_NAME)";
				SWIFT_VERSION = 5.0;
				TARGETED_DEVICE_FAMILY = "1,2";
				TEST_HOST = "$(BUILT_PRODUCTS_DIR)/Cupcake Corner.app/Cupcake Corner";
			};
			name = Debug;
		};
		0ACA330424D69BCC007D8478 /* Release */ = {
			isa = XCBuildConfiguration;
			buildSettings = {
				ALWAYS_EMBED_SWIFT_STANDARD_LIBRARIES = YES;
				BUNDLE_LOADER = "$(TEST_HOST)";
				CODE_SIGN_STYLE = Automatic;
				INFOPLIST_FILE = "Cupcake CornerTests/Info.plist";
				IPHONEOS_DEPLOYMENT_TARGET = 13.2;
				LD_RUNPATH_SEARCH_PATHS = (
					"$(inherited)",
					"@executable_path/Frameworks",
					"@loader_path/Frameworks",
				);
				PRODUCT_BUNDLE_IDENTIFIER = "com.MarkStudio.Cupcake-CornerTests";
				PRODUCT_NAME = "$(TARGET_NAME)";
				SWIFT_VERSION = 5.0;
				TARGETED_DEVICE_FAMILY = "1,2";
				TEST_HOST = "$(BUILT_PRODUCTS_DIR)/Cupcake Corner.app/Cupcake Corner";
			};
			name = Release;
		};
		0ACA330624D69BCC007D8478 /* Debug */ = {
			isa = XCBuildConfiguration;
			buildSettings = {
				ALWAYS_EMBED_SWIFT_STANDARD_LIBRARIES = YES;
				CODE_SIGN_STYLE = Automatic;
				INFOPLIST_FILE = "Cupcake CornerUITests/Info.plist";
				LD_RUNPATH_SEARCH_PATHS = (
					"$(inherited)",
					"@executable_path/Frameworks",
					"@loader_path/Frameworks",
				);
				PRODUCT_BUNDLE_IDENTIFIER = "com.MarkStudio.Cupcake-CornerUITests";
				PRODUCT_NAME = "$(TARGET_NAME)";
				SWIFT_VERSION = 5.0;
				TARGETED_DEVICE_FAMILY = "1,2";
				TEST_TARGET_NAME = "Cupcake Corner";
			};
			name = Debug;
		};
		0ACA330724D69BCC007D8478 /* Release */ = {
			isa = XCBuildConfiguration;
			buildSettings = {
				ALWAYS_EMBED_SWIFT_STANDARD_LIBRARIES = YES;
				CODE_SIGN_STYLE = Automatic;
				INFOPLIST_FILE = "Cupcake CornerUITests/Info.plist";
				LD_RUNPATH_SEARCH_PATHS = (
					"$(inherited)",
					"@executable_path/Frameworks",
					"@loader_path/Frameworks",
				);
				PRODUCT_BUNDLE_IDENTIFIER = "com.MarkStudio.Cupcake-CornerUITests";
				PRODUCT_NAME = "$(TARGET_NAME)";
				SWIFT_VERSION = 5.0;
				TARGETED_DEVICE_FAMILY = "1,2";
				TEST_TARGET_NAME = "Cupcake Corner";
			};
			name = Release;
		};
/* End XCBuildConfiguration section */

/* Begin XCConfigurationList section */
		0ACA32D024D69BC3007D8478 /* Build configuration list for PBXProject "Cupcake Corner" */ = {
			isa = XCConfigurationList;
			buildConfigurations = (
				0ACA32FD24D69BCC007D8478 /* Debug */,
				0ACA32FE24D69BCC007D8478 /* Release */,
			);
			defaultConfigurationIsVisible = 0;
			defaultConfigurationName = Release;
		};
		0ACA32FF24D69BCC007D8478 /* Build configuration list for PBXNativeTarget "Cupcake Corner" */ = {
			isa = XCConfigurationList;
			buildConfigurations = (
				0ACA330024D69BCC007D8478 /* Debug */,
				0ACA330124D69BCC007D8478 /* Release */,
			);
			defaultConfigurationIsVisible = 0;
			defaultConfigurationName = Release;
		};
		0ACA330224D69BCC007D8478 /* Build configuration list for PBXNativeTarget "Cupcake CornerTests" */ = {
			isa = XCConfigurationList;
			buildConfigurations = (
				0ACA330324D69BCC007D8478 /* Debug */,
				0ACA330424D69BCC007D8478 /* Release */,
			);
			defaultConfigurationIsVisible = 0;
			defaultConfigurationName = Release;
		};
		0ACA330524D69BCC007D8478 /* Build configuration list for PBXNativeTarget "Cupcake CornerUITests" */ = {
			isa = XCConfigurationList;
			buildConfigurations = (
				0ACA330624D69BCC007D8478 /* Debug */,
				0ACA330724D69BCC007D8478 /* Release */,
			);
			defaultConfigurationIsVisible = 0;
			defaultConfigurationName = Release;
		};
/* End XCConfigurationList section */
	};
	rootObject = 0ACA32CD24D69BC3007D8478 /* Project object */;
}
